{
    "name": "@cv_2.0/shared",
    "version": "1.0.0",
    "lockfileVersion": 3,
    "requires": true,
    "packages": {
        "": {
            "name": "@cv_2.0/shared",
            "version": "1.0.0",
            "peerDependencies": {
                "firebase": "^12.7.0"
            }
        }
    }
}
