# THIS IS AN AUTOGENERATED FILE. DO NOT EDIT THIS FILE DIRECTLY.
# yarn lockfile v1


"@types/validator@^13.15.3":
  version "13.15.10"
  resolved "https://registry.yarnpkg.com/@types/validator/-/validator-13.15.10.tgz#742b77ec34d58554b94a76a14cef30d59e3c16b9"
  integrity sha512-T8L6i7wCuyoK8A/ZeLYt1+q0ty3Zb9+qbSSvrIVitzT3YjZqkTZ40IbRsPanlB4h1QB3JVL1SYCdR6ngtFYcuA==

class-transformer@^0.5.1:
  version "0.5.1"
  resolved "https://registry.yarnpkg.com/class-transformer/-/class-transformer-0.5.1.tgz#24147d5dffd2a6cea930a3250a677addf96ab336"
  integrity sha512-SQa1Ws6hUbfC98vKGxZH3KFY0Y1lm5Zm0SY8XX9zbK7FJCyVEac3ATW0RIpwzW+oOfmHE5PMPufDG9hCfoEOMw==

class-validator@^0.14.3:
  version "0.14.3"
  resolved "https://registry.yarnpkg.com/class-validator/-/class-validator-0.14.3.tgz#834a4caafa8359aed73d7708badb4cf271be50fe"
  integrity sha512-rXXekcjofVN1LTOSw+u4u9WXVEUvNBVjORW154q/IdmYWy1nMbOU9aNtZB0t8m+FJQ9q91jlr2f9CwwUFdFMRA==
  dependencies:
    "@types/validator" "^13.15.3"
    libphonenumber-js "^1.11.1"
    validator "^13.15.20"

libphonenumber-js@^1.11.1:
  version "1.12.31"
  resolved "https://registry.yarnpkg.com/libphonenumber-js/-/libphonenumber-js-1.12.31.tgz#3cdb45641c6b77228dd1238f3d810c3bb5d91199"
  integrity sha512-Z3IhgVgrqO1S5xPYM3K5XwbkDasU67/Vys4heW+lfSBALcUZjeIIzI8zCLifY+OCzSq+fpDdywMDa7z+4srJPQ==

reflect-metadata@^0.2.2:
  version "0.2.2"
  resolved "https://registry.yarnpkg.com/reflect-metadata/-/reflect-metadata-0.2.2.tgz#400c845b6cba87a21f2c65c4aeb158f4fa4d9c5b"
  integrity sha512-urBwgfrvVP/eAyXx4hluJivBKzuEbSQs9rKWCrCkbSxNv8mxPcUZKeuoF3Uy4mJl3Lwprp6yy5/39VWigZ4K6Q==

rxjs@^7.8.2:
  version "7.8.2"
  resolved "https://registry.yarnpkg.com/rxjs/-/rxjs-7.8.2.tgz#955bc473ed8af11a002a2be52071bf475638607b"
  integrity sha512-dhKf903U/PQZY6boNNtAGdWbG85WAbjT/1xYoZIC7FAY0yWapOBQVsVrDl58W86//e1VpMNBtRV4MaXfdMySFA==
  dependencies:
    tslib "^2.1.0"

tslib@^2.1.0, tslib@^2.8.1:
  version "2.8.1"
  resolved "https://registry.yarnpkg.com/tslib/-/tslib-2.8.1.tgz#612efe4ed235d567e8aba5f2a5fab70280ade83f"
  integrity sha512-oJFu94HQb+KVduSUQL7wnpmqnfmLsOA/nAh6b6EH0wCEoK0/mPeXU6c3wKDV83MkOuHPRHtSXKKU99IBazS/2w==

validator@^13.15.20:
  version "13.15.23"
  resolved "https://registry.yarnpkg.com/validator/-/validator-13.15.23.tgz#59a874f84e4594588e3409ab1edbe64e96d0c62d"
  integrity sha512-4yoz1kEWqUjzi5zsPbAS/903QXSYp0UOtHsPpp7p9rHAw/W+dkInskAE386Fat3oKRROwO98d9ZB0G4cObgUyw==
